
Microsoft Visual Studio Solution File, Format Version 12.00
# Visual Studio 15
VisualStudioVersion = 15.0.27428.2015
MinimumVisualStudioVersion = 10.0.40219.1
Project("{FAE04EC0-301F-11D3-BF4B-00C04F79EFBC}") = "Oceanica.Android", "Oceanica\Oceanica.Android\Oceanica.Android.csproj", "{B52ACED2-0CBA-4936-BAF7-64E6F827C64D}"
EndProject
Project("{FAE04EC0-301F-11D3-BF4B-00C04F79EFBC}") = "Oceanica.iOS", "Oceanica\Oceanica.iOS\Oceanica.iOS.csproj", "{2C076D5B-7A68-4995-93A2-366A04EA290A}"
EndProject
Project("{FAE04EC0-301F-11D3-BF4B-00C04F79EFBC}") = "Oceanica", "Oceanica\Oceanica\Oceanica.csproj", "{96FE5F0F-9BB2-419D-897D-582C55691CD3}"
EndProject
Global
	GlobalSection(SolutionConfigurationPlatforms) = preSolution
		Ad-Hoc|Any CPU = Ad-Hoc|Any CPU
		Ad-Hoc|iPhone = Ad-Hoc|iPhone
		Ad-Hoc|iPhoneSimulator = Ad-Hoc|iPhoneSimulator
		AppStore|Any CPU = AppStore|Any CPU
		AppStore|iPhone = AppStore|iPhone
		AppStore|iPhoneSimulator = AppStore|iPhoneSimulator
		Debug|Any CPU = Debug|Any CPU
		Debug|iPhone = Debug|iPhone
		Debug|iPhoneSimulator = Debug|iPhoneSimulator
		Release|Any CPU = Release|Any CPU
		Release|iPhone = Release|iPhone
		Release|iPhoneSimulator = Release|iPhoneSimulator
	EndGlobalSection
	GlobalSection(ProjectConfigurationPlatforms) = postSolution
		{B52ACED2-0CBA-4936-BAF7-64E6F827C64D}.Ad-Hoc|Any CPU.ActiveCfg = Release|Any CPU
		{B52ACED2-0CBA-4936-BAF7-64E6F827C64D}.Ad-Hoc|Any CPU.Build.0 = Release|Any CPU
		{B52ACED2-0CBA-4936-BAF7-64E6F827C64D}.Ad-Hoc|Any CPU.Deploy.0 = Release|Any CPU
		{B52ACED2-0CBA-4936-BAF7-64E6F827C64D}.Ad-Hoc|iPhone.ActiveCfg = Release|Any CPU
		{B52ACED2-0CBA-4936-BAF7-64E6F827C64D}.Ad-Hoc|iPhone.Build.0 = Release|Any CPU
		{B52ACED2-0CBA-4936-BAF7-64E6F827C64D}.Ad-Hoc|iPhone.Deploy.0 = Release|Any CPU
		{B52ACED2-0CBA-4936-BAF7-64E6F827C64D}.Ad-Hoc|iPhoneSimulator.ActiveCfg = Release|Any CPU
		{B52ACED2-0CBA-4936-BAF7-64E6F827C64D}.Ad-Hoc|iPhoneSimulator.Build.0 = Release|Any CPU
		{B52ACED2-0CBA-4936-BAF7-64E6F827C64D}.Ad-Hoc|iPhoneSimulator.Deploy.0 = Release|Any CPU
		{B52ACED2-0CBA-4936-BAF7-64E6F827C64D}.AppStore|Any CPU.ActiveCfg = Release|Any CPU
		{B52ACED2-0CBA-4936-BAF7-64E6F827C64D}.AppStore|Any CPU.Build.0 = Release|Any CPU
		{B52ACED2-0CBA-4936-BAF7-64E6F827C64D}.AppStore|Any CPU.Deploy.0 = Release|Any CPU
		{B52ACED2-0CBA-4936-BAF7-64E6F827C64D}.AppStore|iPhone.ActiveCfg = Release|Any CPU
		{B52ACED2-0CBA-4936-BAF7-64E6F827C64D}.AppStore|iPhone.Build.0 = Release|Any CPU
		{B52ACED2-0CBA-4936-BAF7-64E6F827C64D}.AppStore|iPhone.Deploy.0 = Release|Any CPU
		{B52ACED2-0CBA-4936-BAF7-64E6F827C64D}.AppStore|iPhoneSimulator.ActiveCfg = Release|Any CPU
		{B52ACED2-0CBA-4936-BAF7-64E6F827C64D}.AppStore|iPhoneSimulator.Build.0 = Release|Any CPU
		{B52ACED2-0CBA-4936-BAF7-64E6F827C64D}.AppStore|iPhoneSimulator.Deploy.0 = Release|Any CPU
		{B52ACED2-0CBA-4936-BAF7-64E6F827C64D}.Debug|Any CPU.ActiveCfg = Debug|Any CPU
		{B52ACED2-0CBA-4936-BAF7-64E6F827C64D}.Debug|Any CPU.Build.0 = Debug|Any CPU
		{B52ACED2-0CBA-4936-BAF7-64E6F827C64D}.Debug|Any CPU.Deploy.0 = Debug|Any CPU
		{B52ACED2-0CBA-4936-BAF7-64E6F827C64D}.Debug|iPhone.ActiveCfg = Debug|Any CPU
		{B52ACED2-0CBA-4936-BAF7-64E6F827C64D}.Debug|iPhone.Build.0 = Debug|Any CPU
		{B52ACED2-0CBA-4936-BAF7-64E6F827C64D}.Debug|iPhone.Deploy.0 = Debug|Any CPU
		{B52ACED2-0CBA-4936-BAF7-64E6F827C64D}.Debug|iPhoneSimulator.ActiveCfg = Debug|Any CPU
		{B52ACED2-0CBA-4936-BAF7-64E6F827C64D}.Debug|iPhoneSimulator.Build.0 = Debug|Any CPU
		{B52ACED2-0CBA-4936-BAF7-64E6F827C64D}.Debug|iPhoneSimulator.Deploy.0 = Debug|Any CPU
		{B52ACED2-0CBA-4936-BAF7-64E6F827C64D}.Release|Any CPU.ActiveCfg = Release|Any CPU
		{B52ACED2-0CBA-4936-BAF7-64E6F827C64D}.Release|Any CPU.Build.0 = Release|Any CPU
		{B52ACED2-0CBA-4936-BAF7-64E6F827C64D}.Release|Any CPU.Deploy.0 = Release|Any CPU
		{B52ACED2-0CBA-4936-BAF7-64E6F827C64D}.Release|iPhone.ActiveCfg = Release|Any CPU
		{B52ACED2-0CBA-4936-BAF7-64E6F827C64D}.Release|iPhone.Build.0 = Release|Any CPU
		{B52ACED2-0CBA-4936-BAF7-64E6F827C64D}.Release|iPhone.Deploy.0 = Release|Any CPU
		{B52ACED2-0CBA-4936-BAF7-64E6F827C64D}.Release|iPhoneSimulator.ActiveCfg = Release|Any CPU
		{B52ACED2-0CBA-4936-BAF7-64E6F827C64D}.Release|iPhoneSimulator.Build.0 = Release|Any CPU
		{B52ACED2-0CBA-4936-BAF7-64E6F827C64D}.Release|iPhoneSimulator.Deploy.0 = Release|Any CPU
		{2C076D5B-7A68-4995-93A2-366A04EA290A}.Ad-Hoc|Any CPU.ActiveCfg = Ad-Hoc|iPhone
		{2C076D5B-7A68-4995-93A2-366A04EA290A}.Ad-Hoc|iPhone.ActiveCfg = Ad-Hoc|iPhone
		{2C076D5B-7A68-4995-93A2-366A04EA290A}.Ad-Hoc|iPhone.Build.0 = Ad-Hoc|iPhone
		{2C076D5B-7A68-4995-93A2-366A04EA290A}.Ad-Hoc|iPhoneSimulator.ActiveCfg = Ad-Hoc|iPhoneSimulator
		{2C076D5B-7A68-4995-93A2-366A04EA290A}.Ad-Hoc|iPhoneSimulator.Build.0 = Ad-Hoc|iPhoneSimulator
		{2C076D5B-7A68-4995-93A2-366A04EA290A}.AppStore|Any CPU.ActiveCfg = AppStore|iPhone
		{2C076D5B-7A68-4995-93A2-366A04EA290A}.AppStore|iPhone.ActiveCfg = AppStore|iPhone
		{2C076D5B-7A68-4995-93A2-366A04EA290A}.AppStore|iPhone.Build.0 = AppStore|iPhone
		{2C076D5B-7A68-4995-93A2-366A04EA290A}.AppStore|iPhoneSimulator.ActiveCfg = AppStore|iPhoneSimulator
		{2C076D5B-7A68-4995-93A2-366A04EA290A}.AppStore|iPhoneSimulator.Build.0 = AppStore|iPhoneSimulator
		{2C076D5B-7A68-4995-93A2-366A04EA290A}.Debug|Any CPU.ActiveCfg = Debug|iPhone
		{2C076D5B-7A68-4995-93A2-366A04EA290A}.Debug|iPhone.ActiveCfg = Debug|iPhone
		{2C076D5B-7A68-4995-93A2-366A04EA290A}.Debug|iPhone.Build.0 = Debug|iPhone
		{2C076D5B-7A68-4995-93A2-366A04EA290A}.Debug|iPhoneSimulator.ActiveCfg = Debug|iPhoneSimulator
		{2C076D5B-7A68-4995-93A2-366A04EA290A}.Debug|iPhoneSimulator.Build.0 = Debug|iPhoneSimulator
		{2C076D5B-7A68-4995-93A2-366A04EA290A}.Release|Any CPU.ActiveCfg = Release|iPhone
		{2C076D5B-7A68-4995-93A2-366A04EA290A}.Release|iPhone.ActiveCfg = Release|iPhone
		{2C076D5B-7A68-4995-93A2-366A04EA290A}.Release|iPhone.Build.0 = Release|iPhone
		{2C076D5B-7A68-4995-93A2-366A04EA290A}.Release|iPhoneSimulator.ActiveCfg = Release|iPhoneSimulator
		{2C076D5B-7A68-4995-93A2-366A04EA290A}.Release|iPhoneSimulator.Build.0 = Release|iPhoneSimulator
		{96FE5F0F-9BB2-419D-897D-582C55691CD3}.Ad-Hoc|Any CPU.ActiveCfg = Debug|Any CPU
		{96FE5F0F-9BB2-419D-897D-582C55691CD3}.Ad-Hoc|Any CPU.Build.0 = Debug|Any CPU
		{96FE5F0F-9BB2-419D-897D-582C55691CD3}.Ad-Hoc|iPhone.ActiveCfg = Debug|Any CPU
		{96FE5F0F-9BB2-419D-897D-582C55691CD3}.Ad-Hoc|iPhone.Build.0 = Debug|Any CPU
		{96FE5F0F-9BB2-419D-897D-582C55691CD3}.Ad-Hoc|iPhoneSimulator.ActiveCfg = Debug|Any CPU
		{96FE5F0F-9BB2-419D-897D-582C55691CD3}.Ad-Hoc|iPhoneSimulator.Build.0 = Debug|Any CPU
		{96FE5F0F-9BB2-419D-897D-582C55691CD3}.AppStore|Any CPU.ActiveCfg = Debug|Any CPU
		{96FE5F0F-9BB2-419D-897D-582C55691CD3}.AppStore|Any CPU.Build.0 = Debug|Any CPU
		{96FE5F0F-9BB2-419D-897D-582C55691CD3}.AppStore|iPhone.ActiveCfg = Debug|Any CPU
		{96FE5F0F-9BB2-419D-897D-582C55691CD3}.AppStore|iPhone.Build.0 = Debug|Any CPU
		{96FE5F0F-9BB2-419D-897D-582C55691CD3}.AppStore|iPhoneSimulator.ActiveCfg = Debug|Any CPU
		{96FE5F0F-9BB2-419D-897D-582C55691CD3}.AppStore|iPhoneSimulator.Build.0 = Debug|Any CPU
		{96FE5F0F-9BB2-419D-897D-582C55691CD3}.Debug|Any CPU.ActiveCfg = Debug|Any CPU
		{96FE5F0F-9BB2-419D-897D-582C55691CD3}.Debug|Any CPU.Build.0 = Debug|Any CPU
		{96FE5F0F-9BB2-419D-897D-582C55691CD3}.Debug|iPhone.ActiveCfg = Debug|Any CPU
		{96FE5F0F-9BB2-419D-897D-582C55691CD3}.Debug|iPhone.Build.0 = Debug|Any CPU
		{96FE5F0F-9BB2-419D-897D-582C55691CD3}.Debug|iPhoneSimulator.ActiveCfg = Debug|Any CPU
		{96FE5F0F-9BB2-419D-897D-582C55691CD3}.Debug|iPhoneSimulator.Build.0 = Debug|Any CPU
		{96FE5F0F-9BB2-419D-897D-582C55691CD3}.Release|Any CPU.ActiveCfg = Release|Any CPU
		{96FE5F0F-9BB2-419D-897D-582C55691CD3}.Release|Any CPU.Build.0 = Release|Any CPU
		{96FE5F0F-9BB2-419D-897D-582C55691CD3}.Release|iPhone.ActiveCfg = Release|Any CPU
		{96FE5F0F-9BB2-419D-897D-582C55691CD3}.Release|iPhone.Build.0 = Release|Any CPU
		{96FE5F0F-9BB2-419D-897D-582C55691CD3}.Release|iPhoneSimulator.ActiveCfg = Release|Any CPU
		{96FE5F0F-9BB2-419D-897D-582C55691CD3}.Release|iPhoneSimulator.Build.0 = Release|Any CPU
	EndGlobalSection
	GlobalSection(SolutionProperties) = preSolution
		HideSolutionNode = FALSE
	EndGlobalSection
	GlobalSection(ExtensibilityGlobals) = postSolution
		SolutionGuid = {10B29B7A-CB22-485D-9B19-EBE763EAC4D8}
	EndGlobalSection
EndGlobal
